{
  "name": "@genxtract/combinator",
  "version": "0.0.0",
  "lockfileVersion": 1,
  "requires": true,
  "dependencies": {
    "eventemitter3": {
      "version": "2.0.3",
      "resolved": "https://registry.npmjs.org/eventemitter3/-/eventemitter3-2.0.3.tgz",
      "integrity": "sha1-teEHm1n7XhuidxwKmTvgYKWMmbo="
    },
    "rollup": {
      "version": "https://registry.npmjs.org/rollup/-/rollup-0.41.6.tgz",
      "integrity": "sha1-4NBUl4d6OYwQTYFtJzOnGKepTio=",
      "dev": true,
      "requires": {
        "source-map-support": "https://registry.npmjs.org/source-map-support/-/source-map-support-0.4.15.tgz"
      }
    },
    "source-map": {
      "version": "https://registry.npmjs.org/source-map/-/source-map-0.5.6.tgz",
      "integrity": "sha1-dc449SvwczxafwwRjYEzSiu19BI=",
      "dev": true
    },
    "source-map-support": {
      "version": "https://registry.npmjs.org/source-map-support/-/source-map-support-0.4.15.tgz",
      "integrity": "sha1-AyAt9lwG0r2MfsI2KhkwVv7407E=",
      "dev": true,
      "requires": {
        "source-map": "https://registry.npmjs.org/source-map/-/source-map-0.5.6.tgz"
      }
    }
  }
}
